
Microsoft Visual Studio Solution File, Format Version 12.00
# Visual Studio Version 16
VisualStudioVersion = 16.0.31105.61
MinimumVisualStudioVersion = 10.0.40219.1
Project("{FAE04EC0-301F-11D3-BF4B-00C04F79EFBC}") = "test2_5", "test2_5.csproj", "{FC1A37EB-2D98-4C14-A627-954D065D3C62}"
EndProject
Global
	GlobalSection(SolutionConfigurationPlatforms) = preSolution
		Debug|Any CPU = Debug|Any CPU
		Release|Any CPU = Release|Any CPU
	EndGlobalSection
	GlobalSection(ProjectConfigurationPlatforms) = postSolution
		{FC1A37EB-2D98-4C14-A627-954D065D3C62}.Debug|Any CPU.ActiveCfg = Debug|Any CPU
		{FC1A37EB-2D98-4C14-A627-954D065D3C62}.Debug|Any CPU.Build.0 = Debug|Any CPU
		{FC1A37EB-2D98-4C14-A627-954D065D3C62}.Release|Any CPU.ActiveCfg = Release|Any CPU
		{FC1A37EB-2D98-4C14-A627-954D065D3C62}.Release|Any CPU.Build.0 = Release|Any CPU
	EndGlobalSection
	GlobalSection(SolutionProperties) = preSolution
		HideSolutionNode = FALSE
	EndGlobalSection
	GlobalSection(ExtensibilityGlobals) = postSolution
		SolutionGuid = {2C6C780E-B578-434F-B682-51D33A4C4BF8}
	EndGlobalSection
EndGlobal
