
Microsoft Visual Studio Solution File, Format Version 12.00
# Visual Studio Version 16
VisualStudioVersion = 16.0.31105.61
MinimumVisualStudioVersion = 10.0.40219.1
Project("{FAE04EC0-301F-11D3-BF4B-00C04F79EFBC}") = "test4_2", "test4_2.csproj", "{71BF91AE-337B-4421-8F74-C1DFD0FC29A6}"
EndProject
Global
	GlobalSection(SolutionConfigurationPlatforms) = preSolution
		Debug|Any CPU = Debug|Any CPU
		Release|Any CPU = Release|Any CPU
	EndGlobalSection
	GlobalSection(ProjectConfigurationPlatforms) = postSolution
		{71BF91AE-337B-4421-8F74-C1DFD0FC29A6}.Debug|Any CPU.ActiveCfg = Debug|Any CPU
		{71BF91AE-337B-4421-8F74-C1DFD0FC29A6}.Debug|Any CPU.Build.0 = Debug|Any CPU
		{71BF91AE-337B-4421-8F74-C1DFD0FC29A6}.Release|Any CPU.ActiveCfg = Release|Any CPU
		{71BF91AE-337B-4421-8F74-C1DFD0FC29A6}.Release|Any CPU.Build.0 = Release|Any CPU
	EndGlobalSection
	GlobalSection(SolutionProperties) = preSolution
		HideSolutionNode = FALSE
	EndGlobalSection
	GlobalSection(ExtensibilityGlobals) = postSolution
		SolutionGuid = {F359D628-0A2A-4D51-BD5D-EACD0D241A2E}
	EndGlobalSection
EndGlobal
