
Microsoft Visual Studio Solution File, Format Version 12.00
# Visual Studio Version 16
VisualStudioVersion = 16.0.31205.134
MinimumVisualStudioVersion = 10.0.40219.1
Project("{FAE04EC0-301F-11D3-BF4B-00C04F79EFBC}") = "RazorPagesMovie", "RazorPagesMovie.csproj", "{1FD9BC54-9554-4206-A533-E59E381BBE03}"
EndProject
Global
	GlobalSection(SolutionConfigurationPlatforms) = preSolution
		Debug|Any CPU = Debug|Any CPU
		Release|Any CPU = Release|Any CPU
	EndGlobalSection
	GlobalSection(ProjectConfigurationPlatforms) = postSolution
		{1FD9BC54-9554-4206-A533-E59E381BBE03}.Debug|Any CPU.ActiveCfg = Debug|Any CPU
		{1FD9BC54-9554-4206-A533-E59E381BBE03}.Debug|Any CPU.Build.0 = Debug|Any CPU
		{1FD9BC54-9554-4206-A533-E59E381BBE03}.Release|Any CPU.ActiveCfg = Release|Any CPU
		{1FD9BC54-9554-4206-A533-E59E381BBE03}.Release|Any CPU.Build.0 = Release|Any CPU
	EndGlobalSection
	GlobalSection(SolutionProperties) = preSolution
		HideSolutionNode = FALSE
	EndGlobalSection
	GlobalSection(ExtensibilityGlobals) = postSolution
		SolutionGuid = {241A2949-587C-4A1D-970E-0CC2996CB391}
	EndGlobalSection
EndGlobal
