
Microsoft Visual Studio Solution File, Format Version 12.00
# Visual Studio Version 16
VisualStudioVersion = 16.0.31105.61
MinimumVisualStudioVersion = 10.0.40219.1
Project("{FAE04EC0-301F-11D3-BF4B-00C04F79EFBC}") = "test2_3", "test2_3.csproj", "{0B9DCD57-1440-4901-B6DE-B5A9950EF6AB}"
EndProject
Global
	GlobalSection(SolutionConfigurationPlatforms) = preSolution
		Debug|Any CPU = Debug|Any CPU
		Release|Any CPU = Release|Any CPU
	EndGlobalSection
	GlobalSection(ProjectConfigurationPlatforms) = postSolution
		{0B9DCD57-1440-4901-B6DE-B5A9950EF6AB}.Debug|Any CPU.ActiveCfg = Debug|Any CPU
		{0B9DCD57-1440-4901-B6DE-B5A9950EF6AB}.Debug|Any CPU.Build.0 = Debug|Any CPU
		{0B9DCD57-1440-4901-B6DE-B5A9950EF6AB}.Release|Any CPU.ActiveCfg = Release|Any CPU
		{0B9DCD57-1440-4901-B6DE-B5A9950EF6AB}.Release|Any CPU.Build.0 = Release|Any CPU
	EndGlobalSection
	GlobalSection(SolutionProperties) = preSolution
		HideSolutionNode = FALSE
	EndGlobalSection
	GlobalSection(ExtensibilityGlobals) = postSolution
		SolutionGuid = {E723F6B4-7A82-4824-9A0F-E10EFD9293E6}
	EndGlobalSection
EndGlobal
