
Microsoft Visual Studio Solution File, Format Version 12.00
# Visual Studio Version 16
VisualStudioVersion = 16.0.31105.61
MinimumVisualStudioVersion = 10.0.40219.1
Project("{FAE04EC0-301F-11D3-BF4B-00C04F79EFBC}") = "MvcMovie", "MvcMovie.csproj", "{A1BE4A66-46AC-40B9-AA1E-470DE43D7C3C}"
EndProject
Global
	GlobalSection(SolutionConfigurationPlatforms) = preSolution
		Debug|Any CPU = Debug|Any CPU
		Release|Any CPU = Release|Any CPU
	EndGlobalSection
	GlobalSection(ProjectConfigurationPlatforms) = postSolution
		{A1BE4A66-46AC-40B9-AA1E-470DE43D7C3C}.Debug|Any CPU.ActiveCfg = Debug|Any CPU
		{A1BE4A66-46AC-40B9-AA1E-470DE43D7C3C}.Debug|Any CPU.Build.0 = Debug|Any CPU
		{A1BE4A66-46AC-40B9-AA1E-470DE43D7C3C}.Release|Any CPU.ActiveCfg = Release|Any CPU
		{A1BE4A66-46AC-40B9-AA1E-470DE43D7C3C}.Release|Any CPU.Build.0 = Release|Any CPU
	EndGlobalSection
	GlobalSection(SolutionProperties) = preSolution
		HideSolutionNode = FALSE
	EndGlobalSection
	GlobalSection(ExtensibilityGlobals) = postSolution
		SolutionGuid = {DB1C8295-3D82-48B4-90A5-53638BF1E1FD}
	EndGlobalSection
EndGlobal
