
Microsoft Visual Studio Solution File, Format Version 12.00
# Visual Studio Version 16
VisualStudioVersion = 16.0.31105.61
MinimumVisualStudioVersion = 10.0.40219.1
Project("{FAE04EC0-301F-11D3-BF4B-00C04F79EFBC}") = "Test1", "Test1.csproj", "{0F24A06A-EC7C-4148-A4B6-849428F0B08D}"
EndProject
Global
	GlobalSection(SolutionConfigurationPlatforms) = preSolution
		Debug|Any CPU = Debug|Any CPU
		Release|Any CPU = Release|Any CPU
	EndGlobalSection
	GlobalSection(ProjectConfigurationPlatforms) = postSolution
		{0F24A06A-EC7C-4148-A4B6-849428F0B08D}.Debug|Any CPU.ActiveCfg = Debug|Any CPU
		{0F24A06A-EC7C-4148-A4B6-849428F0B08D}.Debug|Any CPU.Build.0 = Debug|Any CPU
		{0F24A06A-EC7C-4148-A4B6-849428F0B08D}.Release|Any CPU.ActiveCfg = Release|Any CPU
		{0F24A06A-EC7C-4148-A4B6-849428F0B08D}.Release|Any CPU.Build.0 = Release|Any CPU
	EndGlobalSection
	GlobalSection(SolutionProperties) = preSolution
		HideSolutionNode = FALSE
	EndGlobalSection
	GlobalSection(ExtensibilityGlobals) = postSolution
		SolutionGuid = {1F316C61-3C19-4405-9D9E-5C568B69DDAB}
	EndGlobalSection
EndGlobal
