
Microsoft Visual Studio Solution File, Format Version 12.00
# Visual Studio Version 16
VisualStudioVersion = 16.0.31205.134
MinimumVisualStudioVersion = 10.0.40219.1
Project("{FAE04EC0-301F-11D3-BF4B-00C04F79EFBC}") = "test5_1", "test5_1.csproj", "{B5095A7A-12CA-4394-B5BE-080D634E02AA}"
EndProject
Global
	GlobalSection(SolutionConfigurationPlatforms) = preSolution
		Debug|Any CPU = Debug|Any CPU
		Release|Any CPU = Release|Any CPU
	EndGlobalSection
	GlobalSection(ProjectConfigurationPlatforms) = postSolution
		{B5095A7A-12CA-4394-B5BE-080D634E02AA}.Debug|Any CPU.ActiveCfg = Debug|Any CPU
		{B5095A7A-12CA-4394-B5BE-080D634E02AA}.Debug|Any CPU.Build.0 = Debug|Any CPU
		{B5095A7A-12CA-4394-B5BE-080D634E02AA}.Release|Any CPU.ActiveCfg = Release|Any CPU
		{B5095A7A-12CA-4394-B5BE-080D634E02AA}.Release|Any CPU.Build.0 = Release|Any CPU
	EndGlobalSection
	GlobalSection(SolutionProperties) = preSolution
		HideSolutionNode = FALSE
	EndGlobalSection
	GlobalSection(ExtensibilityGlobals) = postSolution
		SolutionGuid = {01AFD592-A02F-4F54-BE6B-4662FEC99AAD}
	EndGlobalSection
EndGlobal
