
Microsoft Visual Studio Solution File, Format Version 12.00
# Visual Studio Version 16
VisualStudioVersion = 16.0.31321.278
MinimumVisualStudioVersion = 10.0.40219.1
Project("{FAE04EC0-301F-11D3-BF4B-00C04F79EFBC}") = "SnipTool", "SnipTool\SnipTool.csproj", "{5B557DD3-CFCD-40C9-869C-BB79C0F323FC}"
EndProject
Global
	GlobalSection(SolutionConfigurationPlatforms) = preSolution
		Debug|Any CPU = Debug|Any CPU
		Release|Any CPU = Release|Any CPU
	EndGlobalSection
	GlobalSection(ProjectConfigurationPlatforms) = postSolution
		{5B557DD3-CFCD-40C9-869C-BB79C0F323FC}.Debug|Any CPU.ActiveCfg = Debug|Any CPU
		{5B557DD3-CFCD-40C9-869C-BB79C0F323FC}.Debug|Any CPU.Build.0 = Debug|Any CPU
		{5B557DD3-CFCD-40C9-869C-BB79C0F323FC}.Release|Any CPU.ActiveCfg = Release|Any CPU
		{5B557DD3-CFCD-40C9-869C-BB79C0F323FC}.Release|Any CPU.Build.0 = Release|Any CPU
	EndGlobalSection
	GlobalSection(SolutionProperties) = preSolution
		HideSolutionNode = FALSE
	EndGlobalSection
	GlobalSection(ExtensibilityGlobals) = postSolution
		SolutionGuid = {7E5FB509-A9B0-4945-9FEC-F79D9C0E53F6}
	EndGlobalSection
EndGlobal
