
Microsoft Visual Studio Solution File, Format Version 12.00
# Visual Studio Version 16
VisualStudioVersion = 16.0.31205.134
MinimumVisualStudioVersion = 10.0.40219.1
Project("{FAE04EC0-301F-11D3-BF4B-00C04F79EFBC}") = "WindowsFormsApp5", "WindowsFormsApp5.csproj", "{DE41A8EF-D7B1-4F24-825E-2403FFA520D6}"
EndProject
Global
	GlobalSection(SolutionConfigurationPlatforms) = preSolution
		Debug|Any CPU = Debug|Any CPU
		Release|Any CPU = Release|Any CPU
	EndGlobalSection
	GlobalSection(ProjectConfigurationPlatforms) = postSolution
		{DE41A8EF-D7B1-4F24-825E-2403FFA520D6}.Debug|Any CPU.ActiveCfg = Debug|Any CPU
		{DE41A8EF-D7B1-4F24-825E-2403FFA520D6}.Debug|Any CPU.Build.0 = Debug|Any CPU
		{DE41A8EF-D7B1-4F24-825E-2403FFA520D6}.Release|Any CPU.ActiveCfg = Release|Any CPU
		{DE41A8EF-D7B1-4F24-825E-2403FFA520D6}.Release|Any CPU.Build.0 = Release|Any CPU
	EndGlobalSection
	GlobalSection(SolutionProperties) = preSolution
		HideSolutionNode = FALSE
	EndGlobalSection
	GlobalSection(ExtensibilityGlobals) = postSolution
		SolutionGuid = {7C3322ED-0F9A-46C4-A1E6-299310A3F929}
	EndGlobalSection
EndGlobal
